
Microsoft Visual Studio Solution File, Format Version 12.00
# Visual Studio 15
VisualStudioVersion = 15.0.28307.421
MinimumVisualStudioVersion = 10.0.40219.1
Project("{FAE04EC0-301F-11D3-BF4B-00C04F79EFBC}") = "TargetUWPApplication", "PreInstallConfigTaskSample\TargetUWPApplication.csproj", "{34F14BCA-4FAA-4387-8E16-F0775F560DD8}"
EndProject
Project("{FAE04EC0-301F-11D3-BF4B-00C04F79EFBC}") = "BackgroundTasks", "BackgroundTasks\BackgroundTasks.csproj", "{9D8CA0CE-707F-42A3-A482-751095B44178}"
EndProject
Project("{C7167F0D-BC9F-4E6E-AFE1-012C56B48DB5}") = "Packaging", "Packaging\Packaging.wapproj", "{DFDF969D-8008-4B44-8E00-95EE33C57044}"
EndProject
Project("{FAE04EC0-301F-11D3-BF4B-00C04F79EFBC}") = "Launcher", "Launcher\Launcher.csproj", "{05EE7964-993B-4E00-B3E7-747C4959D257}"
EndProject
Project("{2150E333-8FDC-42A3-9474-1A3956D46DE8}") = "Solution Items", "Solution Items", "{B01E8283-1CA2-4A05-8198-6BC67E7251EC}"
	ProjectSection(SolutionItems) = preProject
		README.md = README.md
	EndProjectSection
EndProject
Global
	GlobalSection(SolutionConfigurationPlatforms) = preSolution
		Debug|Any CPU = Debug|Any CPU
		Debug|ARM = Debug|ARM
		Debug|ARM64 = Debug|ARM64
		Debug|x64 = Debug|x64
		Debug|x86 = Debug|x86
		Release|Any CPU = Release|Any CPU
		Release|ARM = Release|ARM
		Release|ARM64 = Release|ARM64
		Release|x64 = Release|x64
		Release|x86 = Release|x86
	EndGlobalSection
	GlobalSection(ProjectConfigurationPlatforms) = postSolution
		{34F14BCA-4FAA-4387-8E16-F0775F560DD8}.Debug|Any CPU.ActiveCfg = Debug|x86
		{34F14BCA-4FAA-4387-8E16-F0775F560DD8}.Debug|ARM.ActiveCfg = Debug|ARM
		{34F14BCA-4FAA-4387-8E16-F0775F560DD8}.Debug|ARM.Build.0 = Debug|ARM
		{34F14BCA-4FAA-4387-8E16-F0775F560DD8}.Debug|ARM.Deploy.0 = Debug|ARM
		{34F14BCA-4FAA-4387-8E16-F0775F560DD8}.Debug|ARM64.ActiveCfg = Debug|ARM64
		{34F14BCA-4FAA-4387-8E16-F0775F560DD8}.Debug|ARM64.Build.0 = Debug|ARM64
		{34F14BCA-4FAA-4387-8E16-F0775F560DD8}.Debug|ARM64.Deploy.0 = Debug|ARM64
		{34F14BCA-4FAA-4387-8E16-F0775F560DD8}.Debug|x64.ActiveCfg = Debug|x64
		{34F14BCA-4FAA-4387-8E16-F0775F560DD8}.Debug|x64.Build.0 = Debug|x64
		{34F14BCA-4FAA-4387-8E16-F0775F560DD8}.Debug|x64.Deploy.0 = Debug|x64
		{34F14BCA-4FAA-4387-8E16-F0775F560DD8}.Debug|x86.ActiveCfg = Debug|x86
		{34F14BCA-4FAA-4387-8E16-F0775F560DD8}.Debug|x86.Build.0 = Debug|x86
		{34F14BCA-4FAA-4387-8E16-F0775F560DD8}.Debug|x86.Deploy.0 = Debug|x86
		{34F14BCA-4FAA-4387-8E16-F0775F560DD8}.Release|Any CPU.ActiveCfg = Release|x86
		{34F14BCA-4FAA-4387-8E16-F0775F560DD8}.Release|ARM.ActiveCfg = Release|ARM
		{34F14BCA-4FAA-4387-8E16-F0775F560DD8}.Release|ARM.Build.0 = Release|ARM
		{34F14BCA-4FAA-4387-8E16-F0775F560DD8}.Release|ARM.Deploy.0 = Release|ARM
		{34F14BCA-4FAA-4387-8E16-F0775F560DD8}.Release|ARM64.ActiveCfg = Release|ARM64
		{34F14BCA-4FAA-4387-8E16-F0775F560DD8}.Release|ARM64.Build.0 = Release|ARM64
		{34F14BCA-4FAA-4387-8E16-F0775F560DD8}.Release|ARM64.Deploy.0 = Release|ARM64
		{34F14BCA-4FAA-4387-8E16-F0775F560DD8}.Release|x64.ActiveCfg = Release|x64
		{34F14BCA-4FAA-4387-8E16-F0775F560DD8}.Release|x64.Build.0 = Release|x64
		{34F14BCA-4FAA-4387-8E16-F0775F560DD8}.Release|x64.Deploy.0 = Release|x64
		{34F14BCA-4FAA-4387-8E16-F0775F560DD8}.Release|x86.ActiveCfg = Release|x86
		{34F14BCA-4FAA-4387-8E16-F0775F560DD8}.Release|x86.Build.0 = Release|x86
		{34F14BCA-4FAA-4387-8E16-F0775F560DD8}.Release|x86.Deploy.0 = Release|x86
		{9D8CA0CE-707F-42A3-A482-751095B44178}.Debug|Any CPU.ActiveCfg = Debug|Any CPU
		{9D8CA0CE-707F-42A3-A482-751095B44178}.Debug|Any CPU.Build.0 = Debug|Any CPU
		{9D8CA0CE-707F-42A3-A482-751095B44178}.Debug|ARM.ActiveCfg = Debug|ARM
		{9D8CA0CE-707F-42A3-A482-751095B44178}.Debug|ARM.Build.0 = Debug|ARM
		{9D8CA0CE-707F-42A3-A482-751095B44178}.Debug|ARM64.ActiveCfg = Debug|ARM64
		{9D8CA0CE-707F-42A3-A482-751095B44178}.Debug|ARM64.Build.0 = Debug|ARM64
		{9D8CA0CE-707F-42A3-A482-751095B44178}.Debug|x64.ActiveCfg = Debug|x64
		{9D8CA0CE-707F-42A3-A482-751095B44178}.Debug|x64.Build.0 = Debug|x64
		{9D8CA0CE-707F-42A3-A482-751095B44178}.Debug|x86.ActiveCfg = Debug|x86
		{9D8CA0CE-707F-42A3-A482-751095B44178}.Debug|x86.Build.0 = Debug|x86
		{9D8CA0CE-707F-42A3-A482-751095B44178}.Release|Any CPU.ActiveCfg = Release|Any CPU
		{9D8CA0CE-707F-42A3-A482-751095B44178}.Release|Any CPU.Build.0 = Release|Any CPU
		{9D8CA0CE-707F-42A3-A482-751095B44178}.Release|ARM.ActiveCfg = Release|ARM
		{9D8CA0CE-707F-42A3-A482-751095B44178}.Release|ARM.Build.0 = Release|ARM
		{9D8CA0CE-707F-42A3-A482-751095B44178}.Release|ARM64.ActiveCfg = Release|ARM64
		{9D8CA0CE-707F-42A3-A482-751095B44178}.Release|ARM64.Build.0 = Release|ARM64
		{9D8CA0CE-707F-42A3-A482-751095B44178}.Release|x64.ActiveCfg = Release|x64
		{9D8CA0CE-707F-42A3-A482-751095B44178}.Release|x64.Build.0 = Release|x64
		{9D8CA0CE-707F-42A3-A482-751095B44178}.Release|x86.ActiveCfg = Release|x86
		{9D8CA0CE-707F-42A3-A482-751095B44178}.Release|x86.Build.0 = Release|x86
		{DFDF969D-8008-4B44-8E00-95EE33C57044}.Debug|Any CPU.ActiveCfg = Debug|Any CPU
		{DFDF969D-8008-4B44-8E00-95EE33C57044}.Debug|Any CPU.Build.0 = Debug|Any CPU
		{DFDF969D-8008-4B44-8E00-95EE33C57044}.Debug|Any CPU.Deploy.0 = Debug|Any CPU
		{DFDF969D-8008-4B44-8E00-95EE33C57044}.Debug|ARM.ActiveCfg = Debug|Any CPU
		{DFDF969D-8008-4B44-8E00-95EE33C57044}.Debug|ARM.Build.0 = Debug|Any CPU
		{DFDF969D-8008-4B44-8E00-95EE33C57044}.Debug|ARM.Deploy.0 = Debug|Any CPU
		{DFDF969D-8008-4B44-8E00-95EE33C57044}.Debug|ARM64.ActiveCfg = Debug|Any CPU
		{DFDF969D-8008-4B44-8E00-95EE33C57044}.Debug|ARM64.Build.0 = Debug|Any CPU
		{DFDF969D-8008-4B44-8E00-95EE33C57044}.Debug|ARM64.Deploy.0 = Debug|Any CPU
		{DFDF969D-8008-4B44-8E00-95EE33C57044}.Debug|x64.ActiveCfg = Debug|x64
		{DFDF969D-8008-4B44-8E00-95EE33C57044}.Debug|x64.Build.0 = Debug|x64
		{DFDF969D-8008-4B44-8E00-95EE33C57044}.Debug|x64.Deploy.0 = Debug|x64
		{DFDF969D-8008-4B44-8E00-95EE33C57044}.Debug|x86.ActiveCfg = Debug|x86
		{DFDF969D-8008-4B44-8E00-95EE33C57044}.Debug|x86.Build.0 = Debug|x86
		{DFDF969D-8008-4B44-8E00-95EE33C57044}.Debug|x86.Deploy.0 = Debug|x86
		{DFDF969D-8008-4B44-8E00-95EE33C57044}.Release|Any CPU.ActiveCfg = Release|Any CPU
		{DFDF969D-8008-4B44-8E00-95EE33C57044}.Release|Any CPU.Build.0 = Release|Any CPU
		{DFDF969D-8008-4B44-8E00-95EE33C57044}.Release|Any CPU.Deploy.0 = Release|Any CPU
		{DFDF969D-8008-4B44-8E00-95EE33C57044}.Release|ARM.ActiveCfg = Release|Any CPU
		{DFDF969D-8008-4B44-8E00-95EE33C57044}.Release|ARM.Build.0 = Release|Any CPU
		{DFDF969D-8008-4B44-8E00-95EE33C57044}.Release|ARM.Deploy.0 = Release|Any CPU
		{DFDF969D-8008-4B44-8E00-95EE33C57044}.Release|ARM64.ActiveCfg = Release|Any CPU
		{DFDF969D-8008-4B44-8E00-95EE33C57044}.Release|ARM64.Build.0 = Release|Any CPU
		{DFDF969D-8008-4B44-8E00-95EE33C57044}.Release|ARM64.Deploy.0 = Release|Any CPU
		{DFDF969D-8008-4B44-8E00-95EE33C57044}.Release|x64.ActiveCfg = Release|x64
		{DFDF969D-8008-4B44-8E00-95EE33C57044}.Release|x64.Build.0 = Release|x64
		{DFDF969D-8008-4B44-8E00-95EE33C57044}.Release|x64.Deploy.0 = Release|x64
		{DFDF969D-8008-4B44-8E00-95EE33C57044}.Release|x86.ActiveCfg = Release|x86
		{DFDF969D-8008-4B44-8E00-95EE33C57044}.Release|x86.Build.0 = Release|x86
		{DFDF969D-8008-4B44-8E00-95EE33C57044}.Release|x86.Deploy.0 = Release|x86
		{05EE7964-993B-4E00-B3E7-747C4959D257}.Debug|Any CPU.ActiveCfg = Debug|Any CPU
		{05EE7964-993B-4E00-B3E7-747C4959D257}.Debug|Any CPU.Build.0 = Debug|Any CPU
		{05EE7964-993B-4E00-B3E7-747C4959D257}.Debug|ARM.ActiveCfg = Debug|Any CPU
		{05EE7964-993B-4E00-B3E7-747C4959D257}.Debug|ARM.Build.0 = Debug|Any CPU
		{05EE7964-993B-4E00-B3E7-747C4959D257}.Debug|ARM64.ActiveCfg = Debug|Any CPU
		{05EE7964-993B-4E00-B3E7-747C4959D257}.Debug|ARM64.Build.0 = Debug|Any CPU
		{05EE7964-993B-4E00-B3E7-747C4959D257}.Debug|x64.ActiveCfg = Debug|Any CPU
		{05EE7964-993B-4E00-B3E7-747C4959D257}.Debug|x64.Build.0 = Debug|Any CPU
		{05EE7964-993B-4E00-B3E7-747C4959D257}.Debug|x86.ActiveCfg = Debug|Any CPU
		{05EE7964-993B-4E00-B3E7-747C4959D257}.Debug|x86.Build.0 = Debug|Any CPU
		{05EE7964-993B-4E00-B3E7-747C4959D257}.Release|Any CPU.ActiveCfg = Release|Any CPU
		{05EE7964-993B-4E00-B3E7-747C4959D257}.Release|Any CPU.Build.0 = Release|Any CPU
		{05EE7964-993B-4E00-B3E7-747C4959D257}.Release|ARM.ActiveCfg = Release|Any CPU
		{05EE7964-993B-4E00-B3E7-747C4959D257}.Release|ARM.Build.0 = Release|Any CPU
		{05EE7964-993B-4E00-B3E7-747C4959D257}.Release|ARM64.ActiveCfg = Release|Any CPU
		{05EE7964-993B-4E00-B3E7-747C4959D257}.Release|ARM64.Build.0 = Release|Any CPU
		{05EE7964-993B-4E00-B3E7-747C4959D257}.Release|x64.ActiveCfg = Release|Any CPU
		{05EE7964-993B-4E00-B3E7-747C4959D257}.Release|x64.Build.0 = Release|Any CPU
		{05EE7964-993B-4E00-B3E7-747C4959D257}.Release|x86.ActiveCfg = Release|Any CPU
		{05EE7964-993B-4E00-B3E7-747C4959D257}.Release|x86.Build.0 = Release|Any CPU
	EndGlobalSection
	GlobalSection(SolutionProperties) = preSolution
		HideSolutionNode = FALSE
	EndGlobalSection
	GlobalSection(ExtensibilityGlobals) = postSolution
		SolutionGuid = {4971F3C7-AF1F-4744-8F9D-5E30444DA5E0}
	EndGlobalSection
EndGlobal
